
Microsoft Visual Studio Solution File, Format Version 12.00
# Visual Studio 15
VisualStudioVersion = 15.0.26430.15
MinimumVisualStudioVersion = 10.0.40219.1
Project("{FAE04EC0-301F-11D3-BF4B-00C04F79EFBC}") = "DroneLander.Android", "DroneLander\DroneLander.Android\DroneLander.Android.csproj", "{4DEB80DE-7CBE-49FA-90F2-54F145D6F5CE}"
EndProject
Project("{FAE04EC0-301F-11D3-BF4B-00C04F79EFBC}") = "DroneLander", "DroneLander\DroneLander\DroneLander.csproj", "{F4039868-DF0F-4C64-A37C-A3FB52E26104}"
EndProject
Project("{FAE04EC0-301F-11D3-BF4B-00C04F79EFBC}") = "DroneLander.UWP", "DroneLander\DroneLander.UWP\DroneLander.UWP.csproj", "{A8F54083-9EB0-44BC-B9B1-BE5DB7DB253F}"
EndProject
Project("{FAE04EC0-301F-11D3-BF4B-00C04F79EFBC}") = "DroneLander.iOS", "DroneLander\DroneLander.iOS\DroneLander.iOS.csproj", "{46F402D8-D9E3-4593-BF56-B9C98AFC57A5}"
EndProject
Project("{FAE04EC0-301F-11D3-BF4B-00C04F79EFBC}") = "DroneLander.Backend", "..\..\operation-remote-resupply-master\Module 5\Resources\Quick Start\DroneLander.Backend\DroneLander.Backend.csproj", "{209FA716-A7AD-4095-BD70-C8710FC66FA7}"
EndProject
Project("{FAE04EC0-301F-11D3-BF4B-00C04F79EFBC}") = "DroneLander.UITest", "DroneLander.UITest\DroneLander.UITest.csproj", "{254841A1-4695-4F75-81D3-BCF6AC3C2770}"
EndProject
Global
	GlobalSection(SolutionConfigurationPlatforms) = preSolution
		Ad-Hoc|Any CPU = Ad-Hoc|Any CPU
		Ad-Hoc|ARM = Ad-Hoc|ARM
		Ad-Hoc|iPhone = Ad-Hoc|iPhone
		Ad-Hoc|iPhoneSimulator = Ad-Hoc|iPhoneSimulator
		Ad-Hoc|x64 = Ad-Hoc|x64
		Ad-Hoc|x86 = Ad-Hoc|x86
		AppStore|Any CPU = AppStore|Any CPU
		AppStore|ARM = AppStore|ARM
		AppStore|iPhone = AppStore|iPhone
		AppStore|iPhoneSimulator = AppStore|iPhoneSimulator
		AppStore|x64 = AppStore|x64
		AppStore|x86 = AppStore|x86
		Debug|Any CPU = Debug|Any CPU
		Debug|ARM = Debug|ARM
		Debug|iPhone = Debug|iPhone
		Debug|iPhoneSimulator = Debug|iPhoneSimulator
		Debug|x64 = Debug|x64
		Debug|x86 = Debug|x86
		Release|Any CPU = Release|Any CPU
		Release|ARM = Release|ARM
		Release|iPhone = Release|iPhone
		Release|iPhoneSimulator = Release|iPhoneSimulator
		Release|x64 = Release|x64
		Release|x86 = Release|x86
	EndGlobalSection
	GlobalSection(ProjectConfigurationPlatforms) = postSolution
		{4DEB80DE-7CBE-49FA-90F2-54F145D6F5CE}.Ad-Hoc|Any CPU.ActiveCfg = Release|Any CPU
		{4DEB80DE-7CBE-49FA-90F2-54F145D6F5CE}.Ad-Hoc|Any CPU.Build.0 = Release|Any CPU
		{4DEB80DE-7CBE-49FA-90F2-54F145D6F5CE}.Ad-Hoc|Any CPU.Deploy.0 = Release|Any CPU
		{4DEB80DE-7CBE-49FA-90F2-54F145D6F5CE}.Ad-Hoc|ARM.ActiveCfg = Release|Any CPU
		{4DEB80DE-7CBE-49FA-90F2-54F145D6F5CE}.Ad-Hoc|ARM.Build.0 = Release|Any CPU
		{4DEB80DE-7CBE-49FA-90F2-54F145D6F5CE}.Ad-Hoc|ARM.Deploy.0 = Release|Any CPU
		{4DEB80DE-7CBE-49FA-90F2-54F145D6F5CE}.Ad-Hoc|iPhone.ActiveCfg = Release|Any CPU
		{4DEB80DE-7CBE-49FA-90F2-54F145D6F5CE}.Ad-Hoc|iPhone.Build.0 = Release|Any CPU
		{4DEB80DE-7CBE-49FA-90F2-54F145D6F5CE}.Ad-Hoc|iPhone.Deploy.0 = Release|Any CPU
		{4DEB80DE-7CBE-49FA-90F2-54F145D6F5CE}.Ad-Hoc|iPhoneSimulator.ActiveCfg = Release|Any CPU
		{4DEB80DE-7CBE-49FA-90F2-54F145D6F5CE}.Ad-Hoc|iPhoneSimulator.Build.0 = Release|Any CPU
		{4DEB80DE-7CBE-49FA-90F2-54F145D6F5CE}.Ad-Hoc|iPhoneSimulator.Deploy.0 = Release|Any CPU
		{4DEB80DE-7CBE-49FA-90F2-54F145D6F5CE}.Ad-Hoc|x64.ActiveCfg = Release|Any CPU
		{4DEB80DE-7CBE-49FA-90F2-54F145D6F5CE}.Ad-Hoc|x64.Build.0 = Release|Any CPU
		{4DEB80DE-7CBE-49FA-90F2-54F145D6F5CE}.Ad-Hoc|x64.Deploy.0 = Release|Any CPU
		{4DEB80DE-7CBE-49FA-90F2-54F145D6F5CE}.Ad-Hoc|x86.ActiveCfg = Release|Any CPU
		{4DEB80DE-7CBE-49FA-90F2-54F145D6F5CE}.Ad-Hoc|x86.Build.0 = Release|Any CPU
		{4DEB80DE-7CBE-49FA-90F2-54F145D6F5CE}.Ad-Hoc|x86.Deploy.0 = Release|Any CPU
		{4DEB80DE-7CBE-49FA-90F2-54F145D6F5CE}.AppStore|Any CPU.ActiveCfg = Release|Any CPU
		{4DEB80DE-7CBE-49FA-90F2-54F145D6F5CE}.AppStore|Any CPU.Build.0 = Release|Any CPU
		{4DEB80DE-7CBE-49FA-90F2-54F145D6F5CE}.AppStore|Any CPU.Deploy.0 = Release|Any CPU
		{4DEB80DE-7CBE-49FA-90F2-54F145D6F5CE}.AppStore|ARM.ActiveCfg = Release|Any CPU
		{4DEB80DE-7CBE-49FA-90F2-54F145D6F5CE}.AppStore|ARM.Build.0 = Release|Any CPU
		{4DEB80DE-7CBE-49FA-90F2-54F145D6F5CE}.AppStore|ARM.Deploy.0 = Release|Any CPU
		{4DEB80DE-7CBE-49FA-90F2-54F145D6F5CE}.AppStore|iPhone.ActiveCfg = Release|Any CPU
		{4DEB80DE-7CBE-49FA-90F2-54F145D6F5CE}.AppStore|iPhone.Build.0 = Release|Any CPU
		{4DEB80DE-7CBE-49FA-90F2-54F145D6F5CE}.AppStore|iPhone.Deploy.0 = Release|Any CPU
		{4DEB80DE-7CBE-49FA-90F2-54F145D6F5CE}.AppStore|iPhoneSimulator.ActiveCfg = Release|Any CPU
		{4DEB80DE-7CBE-49FA-90F2-54F145D6F5CE}.AppStore|iPhoneSimulator.Build.0 = Release|Any CPU
		{4DEB80DE-7CBE-49FA-90F2-54F145D6F5CE}.AppStore|iPhoneSimulator.Deploy.0 = Release|Any CPU
		{4DEB80DE-7CBE-49FA-90F2-54F145D6F5CE}.AppStore|x64.ActiveCfg = Release|Any CPU
		{4DEB80DE-7CBE-49FA-90F2-54F145D6F5CE}.AppStore|x64.Build.0 = Release|Any CPU
		{4DEB80DE-7CBE-49FA-90F2-54F145D6F5CE}.AppStore|x64.Deploy.0 = Release|Any CPU
		{4DEB80DE-7CBE-49FA-90F2-54F145D6F5CE}.AppStore|x86.ActiveCfg = Release|Any CPU
		{4DEB80DE-7CBE-49FA-90F2-54F145D6F5CE}.AppStore|x86.Build.0 = Release|Any CPU
		{4DEB80DE-7CBE-49FA-90F2-54F145D6F5CE}.AppStore|x86.Deploy.0 = Release|Any CPU
		{4DEB80DE-7CBE-49FA-90F2-54F145D6F5CE}.Debug|Any CPU.ActiveCfg = Debug|Any CPU
		{4DEB80DE-7CBE-49FA-90F2-54F145D6F5CE}.Debug|Any CPU.Build.0 = Debug|Any CPU
		{4DEB80DE-7CBE-49FA-90F2-54F145D6F5CE}.Debug|Any CPU.Deploy.0 = Debug|Any CPU
		{4DEB80DE-7CBE-49FA-90F2-54F145D6F5CE}.Debug|ARM.ActiveCfg = Debug|Any CPU
		{4DEB80DE-7CBE-49FA-90F2-54F145D6F5CE}.Debug|ARM.Build.0 = Debug|Any CPU
		{4DEB80DE-7CBE-49FA-90F2-54F145D6F5CE}.Debug|ARM.Deploy.0 = Debug|Any CPU
		{4DEB80DE-7CBE-49FA-90F2-54F145D6F5CE}.Debug|iPhone.ActiveCfg = Debug|Any CPU
		{4DEB80DE-7CBE-49FA-90F2-54F145D6F5CE}.Debug|iPhone.Build.0 = Debug|Any CPU
		{4DEB80DE-7CBE-49FA-90F2-54F145D6F5CE}.Debug|iPhone.Deploy.0 = Debug|Any CPU
		{4DEB80DE-7CBE-49FA-90F2-54F145D6F5CE}.Debug|iPhoneSimulator.ActiveCfg = Debug|Any CPU
		{4DEB80DE-7CBE-49FA-90F2-54F145D6F5CE}.Debug|iPhoneSimulator.Build.0 = Debug|Any CPU
		{4DEB80DE-7CBE-49FA-90F2-54F145D6F5CE}.Debug|iPhoneSimulator.Deploy.0 = Debug|Any CPU
		{4DEB80DE-7CBE-49FA-90F2-54F145D6F5CE}.Debug|x64.ActiveCfg = Debug|Any CPU
		{4DEB80DE-7CBE-49FA-90F2-54F145D6F5CE}.Debug|x64.Build.0 = Debug|Any CPU
		{4DEB80DE-7CBE-49FA-90F2-54F145D6F5CE}.Debug|x64.Deploy.0 = Debug|Any CPU
		{4DEB80DE-7CBE-49FA-90F2-54F145D6F5CE}.Debug|x86.ActiveCfg = Debug|Any CPU
		{4DEB80DE-7CBE-49FA-90F2-54F145D6F5CE}.Debug|x86.Build.0 = Debug|Any CPU
		{4DEB80DE-7CBE-49FA-90F2-54F145D6F5CE}.Debug|x86.Deploy.0 = Debug|Any CPU
		{4DEB80DE-7CBE-49FA-90F2-54F145D6F5CE}.Release|Any CPU.ActiveCfg = Release|Any CPU
		{4DEB80DE-7CBE-49FA-90F2-54F145D6F5CE}.Release|Any CPU.Build.0 = Release|Any CPU
		{4DEB80DE-7CBE-49FA-90F2-54F145D6F5CE}.Release|Any CPU.Deploy.0 = Release|Any CPU
		{4DEB80DE-7CBE-49FA-90F2-54F145D6F5CE}.Release|ARM.ActiveCfg = Release|Any CPU
		{4DEB80DE-7CBE-49FA-90F2-54F145D6F5CE}.Release|ARM.Build.0 = Release|Any CPU
		{4DEB80DE-7CBE-49FA-90F2-54F145D6F5CE}.Release|ARM.Deploy.0 = Release|Any CPU
		{4DEB80DE-7CBE-49FA-90F2-54F145D6F5CE}.Release|iPhone.ActiveCfg = Release|Any CPU
		{4DEB80DE-7CBE-49FA-90F2-54F145D6F5CE}.Release|iPhone.Build.0 = Release|Any CPU
		{4DEB80DE-7CBE-49FA-90F2-54F145D6F5CE}.Release|iPhone.Deploy.0 = Release|Any CPU
		{4DEB80DE-7CBE-49FA-90F2-54F145D6F5CE}.Release|iPhoneSimulator.ActiveCfg = Release|Any CPU
		{4DEB80DE-7CBE-49FA-90F2-54F145D6F5CE}.Release|iPhoneSimulator.Build.0 = Release|Any CPU
		{4DEB80DE-7CBE-49FA-90F2-54F145D6F5CE}.Release|iPhoneSimulator.Deploy.0 = Release|Any CPU
		{4DEB80DE-7CBE-49FA-90F2-54F145D6F5CE}.Release|x64.ActiveCfg = Release|Any CPU
		{4DEB80DE-7CBE-49FA-90F2-54F145D6F5CE}.Release|x64.Build.0 = Release|Any CPU
		{4DEB80DE-7CBE-49FA-90F2-54F145D6F5CE}.Release|x64.Deploy.0 = Release|Any CPU
		{4DEB80DE-7CBE-49FA-90F2-54F145D6F5CE}.Release|x86.ActiveCfg = Release|Any CPU
		{4DEB80DE-7CBE-49FA-90F2-54F145D6F5CE}.Release|x86.Build.0 = Release|Any CPU
		{4DEB80DE-7CBE-49FA-90F2-54F145D6F5CE}.Release|x86.Deploy.0 = Release|Any CPU
		{F4039868-DF0F-4C64-A37C-A3FB52E26104}.Ad-Hoc|Any CPU.ActiveCfg = Release|Any CPU
		{F4039868-DF0F-4C64-A37C-A3FB52E26104}.Ad-Hoc|Any CPU.Build.0 = Release|Any CPU
		{F4039868-DF0F-4C64-A37C-A3FB52E26104}.Ad-Hoc|ARM.ActiveCfg = Release|Any CPU
		{F4039868-DF0F-4C64-A37C-A3FB52E26104}.Ad-Hoc|ARM.Build.0 = Release|Any CPU
		{F4039868-DF0F-4C64-A37C-A3FB52E26104}.Ad-Hoc|iPhone.ActiveCfg = Release|Any CPU
		{F4039868-DF0F-4C64-A37C-A3FB52E26104}.Ad-Hoc|iPhone.Build.0 = Release|Any CPU
		{F4039868-DF0F-4C64-A37C-A3FB52E26104}.Ad-Hoc|iPhoneSimulator.ActiveCfg = Release|Any CPU
		{F4039868-DF0F-4C64-A37C-A3FB52E26104}.Ad-Hoc|iPhoneSimulator.Build.0 = Release|Any CPU
		{F4039868-DF0F-4C64-A37C-A3FB52E26104}.Ad-Hoc|x64.ActiveCfg = Release|Any CPU
		{F4039868-DF0F-4C64-A37C-A3FB52E26104}.Ad-Hoc|x64.Build.0 = Release|Any CPU
		{F4039868-DF0F-4C64-A37C-A3FB52E26104}.Ad-Hoc|x86.ActiveCfg = Release|Any CPU
		{F4039868-DF0F-4C64-A37C-A3FB52E26104}.Ad-Hoc|x86.Build.0 = Release|Any CPU
		{F4039868-DF0F-4C64-A37C-A3FB52E26104}.AppStore|Any CPU.ActiveCfg = Release|Any CPU
		{F4039868-DF0F-4C64-A37C-A3FB52E26104}.AppStore|Any CPU.Build.0 = Release|Any CPU
		{F4039868-DF0F-4C64-A37C-A3FB52E26104}.AppStore|ARM.ActiveCfg = Release|Any CPU
		{F4039868-DF0F-4C64-A37C-A3FB52E26104}.AppStore|ARM.Build.0 = Release|Any CPU
		{F4039868-DF0F-4C64-A37C-A3FB52E26104}.AppStore|iPhone.ActiveCfg = Release|Any CPU
		{F4039868-DF0F-4C64-A37C-A3FB52E26104}.AppStore|iPhone.Build.0 = Release|Any CPU
		{F4039868-DF0F-4C64-A37C-A3FB52E26104}.AppStore|iPhoneSimulator.ActiveCfg = Release|Any CPU
		{F4039868-DF0F-4C64-A37C-A3FB52E26104}.AppStore|iPhoneSimulator.Build.0 = Release|Any CPU
		{F4039868-DF0F-4C64-A37C-A3FB52E26104}.AppStore|x64.ActiveCfg = Release|Any CPU
		{F4039868-DF0F-4C64-A37C-A3FB52E26104}.AppStore|x64.Build.0 = Release|Any CPU
		{F4039868-DF0F-4C64-A37C-A3FB52E26104}.AppStore|x86.ActiveCfg = Release|Any CPU
		{F4039868-DF0F-4C64-A37C-A3FB52E26104}.AppStore|x86.Build.0 = Release|Any CPU
		{F4039868-DF0F-4C64-A37C-A3FB52E26104}.Debug|Any CPU.ActiveCfg = Debug|Any CPU
		{F4039868-DF0F-4C64-A37C-A3FB52E26104}.Debug|Any CPU.Build.0 = Debug|Any CPU
		{F4039868-DF0F-4C64-A37C-A3FB52E26104}.Debug|ARM.ActiveCfg = Debug|Any CPU
		{F4039868-DF0F-4C64-A37C-A3FB52E26104}.Debug|ARM.Build.0 = Debug|Any CPU
		{F4039868-DF0F-4C64-A37C-A3FB52E26104}.Debug|iPhone.ActiveCfg = Debug|Any CPU
		{F4039868-DF0F-4C64-A37C-A3FB52E26104}.Debug|iPhone.Build.0 = Debug|Any CPU
		{F4039868-DF0F-4C64-A37C-A3FB52E26104}.Debug|iPhoneSimulator.ActiveCfg = Debug|Any CPU
		{F4039868-DF0F-4C64-A37C-A3FB52E26104}.Debug|iPhoneSimulator.Build.0 = Debug|Any CPU
		{F4039868-DF0F-4C64-A37C-A3FB52E26104}.Debug|x64.ActiveCfg = Debug|Any CPU
		{F4039868-DF0F-4C64-A37C-A3FB52E26104}.Debug|x64.Build.0 = Debug|Any CPU
		{F4039868-DF0F-4C64-A37C-A3FB52E26104}.Debug|x86.ActiveCfg = Debug|Any CPU
		{F4039868-DF0F-4C64-A37C-A3FB52E26104}.Debug|x86.Build.0 = Debug|Any CPU
		{F4039868-DF0F-4C64-A37C-A3FB52E26104}.Release|Any CPU.ActiveCfg = Release|Any CPU
		{F4039868-DF0F-4C64-A37C-A3FB52E26104}.Release|Any CPU.Build.0 = Release|Any CPU
		{F4039868-DF0F-4C64-A37C-A3FB52E26104}.Release|ARM.ActiveCfg = Release|Any CPU
		{F4039868-DF0F-4C64-A37C-A3FB52E26104}.Release|ARM.Build.0 = Release|Any CPU
		{F4039868-DF0F-4C64-A37C-A3FB52E26104}.Release|iPhone.ActiveCfg = Release|Any CPU
		{F4039868-DF0F-4C64-A37C-A3FB52E26104}.Release|iPhone.Build.0 = Release|Any CPU
		{F4039868-DF0F-4C64-A37C-A3FB52E26104}.Release|iPhoneSimulator.ActiveCfg = Release|Any CPU
		{F4039868-DF0F-4C64-A37C-A3FB52E26104}.Release|iPhoneSimulator.Build.0 = Release|Any CPU
		{F4039868-DF0F-4C64-A37C-A3FB52E26104}.Release|x64.ActiveCfg = Release|Any CPU
		{F4039868-DF0F-4C64-A37C-A3FB52E26104}.Release|x64.Build.0 = Release|Any CPU
		{F4039868-DF0F-4C64-A37C-A3FB52E26104}.Release|x86.ActiveCfg = Release|Any CPU
		{F4039868-DF0F-4C64-A37C-A3FB52E26104}.Release|x86.Build.0 = Release|Any CPU
		{A8F54083-9EB0-44BC-B9B1-BE5DB7DB253F}.Ad-Hoc|Any CPU.ActiveCfg = Release|x86
		{A8F54083-9EB0-44BC-B9B1-BE5DB7DB253F}.Ad-Hoc|Any CPU.Build.0 = Release|x86
		{A8F54083-9EB0-44BC-B9B1-BE5DB7DB253F}.Ad-Hoc|Any CPU.Deploy.0 = Release|x86
		{A8F54083-9EB0-44BC-B9B1-BE5DB7DB253F}.Ad-Hoc|ARM.ActiveCfg = Release|ARM
		{A8F54083-9EB0-44BC-B9B1-BE5DB7DB253F}.Ad-Hoc|ARM.Build.0 = Release|ARM
		{A8F54083-9EB0-44BC-B9B1-BE5DB7DB253F}.Ad-Hoc|ARM.Deploy.0 = Release|ARM
		{A8F54083-9EB0-44BC-B9B1-BE5DB7DB253F}.Ad-Hoc|iPhone.ActiveCfg = Release|x86
		{A8F54083-9EB0-44BC-B9B1-BE5DB7DB253F}.Ad-Hoc|iPhone.Build.0 = Release|x86
		{A8F54083-9EB0-44BC-B9B1-BE5DB7DB253F}.Ad-Hoc|iPhone.Deploy.0 = Release|x86
		{A8F54083-9EB0-44BC-B9B1-BE5DB7DB253F}.Ad-Hoc|iPhoneSimulator.ActiveCfg = Release|x86
		{A8F54083-9EB0-44BC-B9B1-BE5DB7DB253F}.Ad-Hoc|iPhoneSimulator.Build.0 = Release|x86
		{A8F54083-9EB0-44BC-B9B1-BE5DB7DB253F}.Ad-Hoc|iPhoneSimulator.Deploy.0 = Release|x86
		{A8F54083-9EB0-44BC-B9B1-BE5DB7DB253F}.Ad-Hoc|x64.ActiveCfg = Release|x64
		{A8F54083-9EB0-44BC-B9B1-BE5DB7DB253F}.Ad-Hoc|x64.Build.0 = Release|x64
		{A8F54083-9EB0-44BC-B9B1-BE5DB7DB253F}.Ad-Hoc|x64.Deploy.0 = Release|x64
		{A8F54083-9EB0-44BC-B9B1-BE5DB7DB253F}.Ad-Hoc|x86.ActiveCfg = Release|x86
		{A8F54083-9EB0-44BC-B9B1-BE5DB7DB253F}.Ad-Hoc|x86.Build.0 = Release|x86
		{A8F54083-9EB0-44BC-B9B1-BE5DB7DB253F}.Ad-Hoc|x86.Deploy.0 = Release|x86
		{A8F54083-9EB0-44BC-B9B1-BE5DB7DB253F}.AppStore|Any CPU.ActiveCfg = Release|x86
		{A8F54083-9EB0-44BC-B9B1-BE5DB7DB253F}.AppStore|Any CPU.Build.0 = Release|x86
		{A8F54083-9EB0-44BC-B9B1-BE5DB7DB253F}.AppStore|Any CPU.Deploy.0 = Release|x86
		{A8F54083-9EB0-44BC-B9B1-BE5DB7DB253F}.AppStore|ARM.ActiveCfg = Release|ARM
		{A8F54083-9EB0-44BC-B9B1-BE5DB7DB253F}.AppStore|ARM.Build.0 = Release|ARM
		{A8F54083-9EB0-44BC-B9B1-BE5DB7DB253F}.AppStore|ARM.Deploy.0 = Release|ARM
		{A8F54083-9EB0-44BC-B9B1-BE5DB7DB253F}.AppStore|iPhone.ActiveCfg = Release|x86
		{A8F54083-9EB0-44BC-B9B1-BE5DB7DB253F}.AppStore|iPhone.Build.0 = Release|x86
		{A8F54083-9EB0-44BC-B9B1-BE5DB7DB253F}.AppStore|iPhone.Deploy.0 = Release|x86
		{A8F54083-9EB0-44BC-B9B1-BE5DB7DB253F}.AppStore|iPhoneSimulator.ActiveCfg = Release|x86
		{A8F54083-9EB0-44BC-B9B1-BE5DB7DB253F}.AppStore|iPhoneSimulator.Build.0 = Release|x86
		{A8F54083-9EB0-44BC-B9B1-BE5DB7DB253F}.AppStore|iPhoneSimulator.Deploy.0 = Release|x86
		{A8F54083-9EB0-44BC-B9B1-BE5DB7DB253F}.AppStore|x64.ActiveCfg = Release|x64
		{A8F54083-9EB0-44BC-B9B1-BE5DB7DB253F}.AppStore|x64.Build.0 = Release|x64
		{A8F54083-9EB0-44BC-B9B1-BE5DB7DB253F}.AppStore|x64.Deploy.0 = Release|x64
		{A8F54083-9EB0-44BC-B9B1-BE5DB7DB253F}.AppStore|x86.ActiveCfg = Release|x86
		{A8F54083-9EB0-44BC-B9B1-BE5DB7DB253F}.AppStore|x86.Build.0 = Release|x86
		{A8F54083-9EB0-44BC-B9B1-BE5DB7DB253F}.AppStore|x86.Deploy.0 = Release|x86
		{A8F54083-9EB0-44BC-B9B1-BE5DB7DB253F}.Debug|Any CPU.ActiveCfg = Debug|x86
		{A8F54083-9EB0-44BC-B9B1-BE5DB7DB253F}.Debug|Any CPU.Build.0 = Debug|x86
		{A8F54083-9EB0-44BC-B9B1-BE5DB7DB253F}.Debug|Any CPU.Deploy.0 = Debug|x86
		{A8F54083-9EB0-44BC-B9B1-BE5DB7DB253F}.Debug|ARM.ActiveCfg = Debug|ARM
		{A8F54083-9EB0-44BC-B9B1-BE5DB7DB253F}.Debug|ARM.Build.0 = Debug|ARM
		{A8F54083-9EB0-44BC-B9B1-BE5DB7DB253F}.Debug|ARM.Deploy.0 = Debug|ARM
		{A8F54083-9EB0-44BC-B9B1-BE5DB7DB253F}.Debug|iPhone.ActiveCfg = Debug|x86
		{A8F54083-9EB0-44BC-B9B1-BE5DB7DB253F}.Debug|iPhoneSimulator.ActiveCfg = Debug|x86
		{A8F54083-9EB0-44BC-B9B1-BE5DB7DB253F}.Debug|x64.ActiveCfg = Debug|x64
		{A8F54083-9EB0-44BC-B9B1-BE5DB7DB253F}.Debug|x64.Build.0 = Debug|x64
		{A8F54083-9EB0-44BC-B9B1-BE5DB7DB253F}.Debug|x64.Deploy.0 = Debug|x64
		{A8F54083-9EB0-44BC-B9B1-BE5DB7DB253F}.Debug|x86.ActiveCfg = Debug|x86
		{A8F54083-9EB0-44BC-B9B1-BE5DB7DB253F}.Debug|x86.Build.0 = Debug|x86
		{A8F54083-9EB0-44BC-B9B1-BE5DB7DB253F}.Debug|x86.Deploy.0 = Debug|x86
		{A8F54083-9EB0-44BC-B9B1-BE5DB7DB253F}.Release|Any CPU.ActiveCfg = Release|x86
		{A8F54083-9EB0-44BC-B9B1-BE5DB7DB253F}.Release|Any CPU.Build.0 = Release|x86
		{A8F54083-9EB0-44BC-B9B1-BE5DB7DB253F}.Release|Any CPU.Deploy.0 = Release|x86
		{A8F54083-9EB0-44BC-B9B1-BE5DB7DB253F}.Release|ARM.ActiveCfg = Release|ARM
		{A8F54083-9EB0-44BC-B9B1-BE5DB7DB253F}.Release|ARM.Build.0 = Release|ARM
		{A8F54083-9EB0-44BC-B9B1-BE5DB7DB253F}.Release|ARM.Deploy.0 = Release|ARM
		{A8F54083-9EB0-44BC-B9B1-BE5DB7DB253F}.Release|iPhone.ActiveCfg = Release|x86
		{A8F54083-9EB0-44BC-B9B1-BE5DB7DB253F}.Release|iPhoneSimulator.ActiveCfg = Release|x86
		{A8F54083-9EB0-44BC-B9B1-BE5DB7DB253F}.Release|x64.ActiveCfg = Release|x64
		{A8F54083-9EB0-44BC-B9B1-BE5DB7DB253F}.Release|x64.Build.0 = Release|x64
		{A8F54083-9EB0-44BC-B9B1-BE5DB7DB253F}.Release|x64.Deploy.0 = Release|x64
		{A8F54083-9EB0-44BC-B9B1-BE5DB7DB253F}.Release|x86.ActiveCfg = Release|x86
		{A8F54083-9EB0-44BC-B9B1-BE5DB7DB253F}.Release|x86.Build.0 = Release|x86
		{A8F54083-9EB0-44BC-B9B1-BE5DB7DB253F}.Release|x86.Deploy.0 = Release|x86
		{46F402D8-D9E3-4593-BF56-B9C98AFC57A5}.Ad-Hoc|Any CPU.ActiveCfg = Ad-Hoc|iPhone
		{46F402D8-D9E3-4593-BF56-B9C98AFC57A5}.Ad-Hoc|ARM.ActiveCfg = Ad-Hoc|iPhone
		{46F402D8-D9E3-4593-BF56-B9C98AFC57A5}.Ad-Hoc|iPhone.ActiveCfg = Ad-Hoc|iPhone
		{46F402D8-D9E3-4593-BF56-B9C98AFC57A5}.Ad-Hoc|iPhone.Build.0 = Ad-Hoc|iPhone
		{46F402D8-D9E3-4593-BF56-B9C98AFC57A5}.Ad-Hoc|iPhoneSimulator.ActiveCfg = Ad-Hoc|iPhoneSimulator
		{46F402D8-D9E3-4593-BF56-B9C98AFC57A5}.Ad-Hoc|iPhoneSimulator.Build.0 = Ad-Hoc|iPhoneSimulator
		{46F402D8-D9E3-4593-BF56-B9C98AFC57A5}.Ad-Hoc|x64.ActiveCfg = Ad-Hoc|iPhone
		{46F402D8-D9E3-4593-BF56-B9C98AFC57A5}.Ad-Hoc|x86.ActiveCfg = Ad-Hoc|iPhone
		{46F402D8-D9E3-4593-BF56-B9C98AFC57A5}.AppStore|Any CPU.ActiveCfg = AppStore|iPhone
		{46F402D8-D9E3-4593-BF56-B9C98AFC57A5}.AppStore|ARM.ActiveCfg = AppStore|iPhone
		{46F402D8-D9E3-4593-BF56-B9C98AFC57A5}.AppStore|iPhone.ActiveCfg = AppStore|iPhone
		{46F402D8-D9E3-4593-BF56-B9C98AFC57A5}.AppStore|iPhone.Build.0 = AppStore|iPhone
		{46F402D8-D9E3-4593-BF56-B9C98AFC57A5}.AppStore|iPhoneSimulator.ActiveCfg = AppStore|iPhoneSimulator
		{46F402D8-D9E3-4593-BF56-B9C98AFC57A5}.AppStore|iPhoneSimulator.Build.0 = AppStore|iPhoneSimulator
		{46F402D8-D9E3-4593-BF56-B9C98AFC57A5}.AppStore|x64.ActiveCfg = AppStore|iPhone
		{46F402D8-D9E3-4593-BF56-B9C98AFC57A5}.AppStore|x86.ActiveCfg = AppStore|iPhone
		{46F402D8-D9E3-4593-BF56-B9C98AFC57A5}.Debug|Any CPU.ActiveCfg = Debug|iPhone
		{46F402D8-D9E3-4593-BF56-B9C98AFC57A5}.Debug|ARM.ActiveCfg = Debug|iPhone
		{46F402D8-D9E3-4593-BF56-B9C98AFC57A5}.Debug|iPhone.ActiveCfg = Debug|iPhone
		{46F402D8-D9E3-4593-BF56-B9C98AFC57A5}.Debug|iPhone.Build.0 = Debug|iPhone
		{46F402D8-D9E3-4593-BF56-B9C98AFC57A5}.Debug|iPhoneSimulator.ActiveCfg = Debug|iPhoneSimulator
		{46F402D8-D9E3-4593-BF56-B9C98AFC57A5}.Debug|iPhoneSimulator.Build.0 = Debug|iPhoneSimulator
		{46F402D8-D9E3-4593-BF56-B9C98AFC57A5}.Debug|x64.ActiveCfg = Debug|iPhone
		{46F402D8-D9E3-4593-BF56-B9C98AFC57A5}.Debug|x86.ActiveCfg = Debug|iPhone
		{46F402D8-D9E3-4593-BF56-B9C98AFC57A5}.Release|Any CPU.ActiveCfg = Release|iPhone
		{46F402D8-D9E3-4593-BF56-B9C98AFC57A5}.Release|ARM.ActiveCfg = Release|iPhone
		{46F402D8-D9E3-4593-BF56-B9C98AFC57A5}.Release|iPhone.ActiveCfg = Release|iPhone
		{46F402D8-D9E3-4593-BF56-B9C98AFC57A5}.Release|iPhone.Build.0 = Release|iPhone
		{46F402D8-D9E3-4593-BF56-B9C98AFC57A5}.Release|iPhoneSimulator.ActiveCfg = Release|iPhoneSimulator
		{46F402D8-D9E3-4593-BF56-B9C98AFC57A5}.Release|iPhoneSimulator.Build.0 = Release|iPhoneSimulator
		{46F402D8-D9E3-4593-BF56-B9C98AFC57A5}.Release|x64.ActiveCfg = Release|iPhone
		{46F402D8-D9E3-4593-BF56-B9C98AFC57A5}.Release|x86.ActiveCfg = Release|iPhone
		{209FA716-A7AD-4095-BD70-C8710FC66FA7}.Ad-Hoc|Any CPU.ActiveCfg = Release|Any CPU
		{209FA716-A7AD-4095-BD70-C8710FC66FA7}.Ad-Hoc|Any CPU.Build.0 = Release|Any CPU
		{209FA716-A7AD-4095-BD70-C8710FC66FA7}.Ad-Hoc|ARM.ActiveCfg = Release|Any CPU
		{209FA716-A7AD-4095-BD70-C8710FC66FA7}.Ad-Hoc|ARM.Build.0 = Release|Any CPU
		{209FA716-A7AD-4095-BD70-C8710FC66FA7}.Ad-Hoc|iPhone.ActiveCfg = Release|Any CPU
		{209FA716-A7AD-4095-BD70-C8710FC66FA7}.Ad-Hoc|iPhone.Build.0 = Release|Any CPU
		{209FA716-A7AD-4095-BD70-C8710FC66FA7}.Ad-Hoc|iPhoneSimulator.ActiveCfg = Release|Any CPU
		{209FA716-A7AD-4095-BD70-C8710FC66FA7}.Ad-Hoc|iPhoneSimulator.Build.0 = Release|Any CPU
		{209FA716-A7AD-4095-BD70-C8710FC66FA7}.Ad-Hoc|x64.ActiveCfg = Release|Any CPU
		{209FA716-A7AD-4095-BD70-C8710FC66FA7}.Ad-Hoc|x64.Build.0 = Release|Any CPU
		{209FA716-A7AD-4095-BD70-C8710FC66FA7}.Ad-Hoc|x86.ActiveCfg = Release|Any CPU
		{209FA716-A7AD-4095-BD70-C8710FC66FA7}.Ad-Hoc|x86.Build.0 = Release|Any CPU
		{209FA716-A7AD-4095-BD70-C8710FC66FA7}.AppStore|Any CPU.ActiveCfg = Release|Any CPU
		{209FA716-A7AD-4095-BD70-C8710FC66FA7}.AppStore|Any CPU.Build.0 = Release|Any CPU
		{209FA716-A7AD-4095-BD70-C8710FC66FA7}.AppStore|ARM.ActiveCfg = Release|Any CPU
		{209FA716-A7AD-4095-BD70-C8710FC66FA7}.AppStore|ARM.Build.0 = Release|Any CPU
		{209FA716-A7AD-4095-BD70-C8710FC66FA7}.AppStore|iPhone.ActiveCfg = Release|Any CPU
		{209FA716-A7AD-4095-BD70-C8710FC66FA7}.AppStore|iPhone.Build.0 = Release|Any CPU
		{209FA716-A7AD-4095-BD70-C8710FC66FA7}.AppStore|iPhoneSimulator.ActiveCfg = Release|Any CPU
		{209FA716-A7AD-4095-BD70-C8710FC66FA7}.AppStore|iPhoneSimulator.Build.0 = Release|Any CPU
		{209FA716-A7AD-4095-BD70-C8710FC66FA7}.AppStore|x64.ActiveCfg = Release|Any CPU
		{209FA716-A7AD-4095-BD70-C8710FC66FA7}.AppStore|x64.Build.0 = Release|Any CPU
		{209FA716-A7AD-4095-BD70-C8710FC66FA7}.AppStore|x86.ActiveCfg = Release|Any CPU
		{209FA716-A7AD-4095-BD70-C8710FC66FA7}.AppStore|x86.Build.0 = Release|Any CPU
		{209FA716-A7AD-4095-BD70-C8710FC66FA7}.Debug|Any CPU.ActiveCfg = Debug|Any CPU
		{209FA716-A7AD-4095-BD70-C8710FC66FA7}.Debug|Any CPU.Build.0 = Debug|Any CPU
		{209FA716-A7AD-4095-BD70-C8710FC66FA7}.Debug|ARM.ActiveCfg = Debug|Any CPU
		{209FA716-A7AD-4095-BD70-C8710FC66FA7}.Debug|ARM.Build.0 = Debug|Any CPU
		{209FA716-A7AD-4095-BD70-C8710FC66FA7}.Debug|iPhone.ActiveCfg = Debug|Any CPU
		{209FA716-A7AD-4095-BD70-C8710FC66FA7}.Debug|iPhone.Build.0 = Debug|Any CPU
		{209FA716-A7AD-4095-BD70-C8710FC66FA7}.Debug|iPhoneSimulator.ActiveCfg = Debug|Any CPU
		{209FA716-A7AD-4095-BD70-C8710FC66FA7}.Debug|iPhoneSimulator.Build.0 = Debug|Any CPU
		{209FA716-A7AD-4095-BD70-C8710FC66FA7}.Debug|x64.ActiveCfg = Debug|Any CPU
		{209FA716-A7AD-4095-BD70-C8710FC66FA7}.Debug|x64.Build.0 = Debug|Any CPU
		{209FA716-A7AD-4095-BD70-C8710FC66FA7}.Debug|x86.ActiveCfg = Debug|Any CPU
		{209FA716-A7AD-4095-BD70-C8710FC66FA7}.Debug|x86.Build.0 = Debug|Any CPU
		{209FA716-A7AD-4095-BD70-C8710FC66FA7}.Release|Any CPU.ActiveCfg = Release|Any CPU
		{209FA716-A7AD-4095-BD70-C8710FC66FA7}.Release|Any CPU.Build.0 = Release|Any CPU
		{209FA716-A7AD-4095-BD70-C8710FC66FA7}.Release|ARM.ActiveCfg = Release|Any CPU
		{209FA716-A7AD-4095-BD70-C8710FC66FA7}.Release|ARM.Build.0 = Release|Any CPU
		{209FA716-A7AD-4095-BD70-C8710FC66FA7}.Release|iPhone.ActiveCfg = Release|Any CPU
		{209FA716-A7AD-4095-BD70-C8710FC66FA7}.Release|iPhone.Build.0 = Release|Any CPU
		{209FA716-A7AD-4095-BD70-C8710FC66FA7}.Release|iPhoneSimulator.ActiveCfg = Release|Any CPU
		{209FA716-A7AD-4095-BD70-C8710FC66FA7}.Release|iPhoneSimulator.Build.0 = Release|Any CPU
		{209FA716-A7AD-4095-BD70-C8710FC66FA7}.Release|x64.ActiveCfg = Release|Any CPU
		{209FA716-A7AD-4095-BD70-C8710FC66FA7}.Release|x64.Build.0 = Release|Any CPU
		{209FA716-A7AD-4095-BD70-C8710FC66FA7}.Release|x86.ActiveCfg = Release|Any CPU
		{209FA716-A7AD-4095-BD70-C8710FC66FA7}.Release|x86.Build.0 = Release|Any CPU
		{254841A1-4695-4F75-81D3-BCF6AC3C2770}.Ad-Hoc|Any CPU.ActiveCfg = Release|Any CPU
		{254841A1-4695-4F75-81D3-BCF6AC3C2770}.Ad-Hoc|Any CPU.Build.0 = Release|Any CPU
		{254841A1-4695-4F75-81D3-BCF6AC3C2770}.Ad-Hoc|ARM.ActiveCfg = Release|Any CPU
		{254841A1-4695-4F75-81D3-BCF6AC3C2770}.Ad-Hoc|ARM.Build.0 = Release|Any CPU
		{254841A1-4695-4F75-81D3-BCF6AC3C2770}.Ad-Hoc|iPhone.ActiveCfg = Release|Any CPU
		{254841A1-4695-4F75-81D3-BCF6AC3C2770}.Ad-Hoc|iPhone.Build.0 = Release|Any CPU
		{254841A1-4695-4F75-81D3-BCF6AC3C2770}.Ad-Hoc|iPhoneSimulator.ActiveCfg = Release|Any CPU
		{254841A1-4695-4F75-81D3-BCF6AC3C2770}.Ad-Hoc|iPhoneSimulator.Build.0 = Release|Any CPU
		{254841A1-4695-4F75-81D3-BCF6AC3C2770}.Ad-Hoc|x64.ActiveCfg = Release|Any CPU
		{254841A1-4695-4F75-81D3-BCF6AC3C2770}.Ad-Hoc|x64.Build.0 = Release|Any CPU
		{254841A1-4695-4F75-81D3-BCF6AC3C2770}.Ad-Hoc|x86.ActiveCfg = Release|Any CPU
		{254841A1-4695-4F75-81D3-BCF6AC3C2770}.Ad-Hoc|x86.Build.0 = Release|Any CPU
		{254841A1-4695-4F75-81D3-BCF6AC3C2770}.AppStore|Any CPU.ActiveCfg = Release|Any CPU
		{254841A1-4695-4F75-81D3-BCF6AC3C2770}.AppStore|Any CPU.Build.0 = Release|Any CPU
		{254841A1-4695-4F75-81D3-BCF6AC3C2770}.AppStore|ARM.ActiveCfg = Release|Any CPU
		{254841A1-4695-4F75-81D3-BCF6AC3C2770}.AppStore|ARM.Build.0 = Release|Any CPU
		{254841A1-4695-4F75-81D3-BCF6AC3C2770}.AppStore|iPhone.ActiveCfg = Release|Any CPU
		{254841A1-4695-4F75-81D3-BCF6AC3C2770}.AppStore|iPhone.Build.0 = Release|Any CPU
		{254841A1-4695-4F75-81D3-BCF6AC3C2770}.AppStore|iPhoneSimulator.ActiveCfg = Release|Any CPU
		{254841A1-4695-4F75-81D3-BCF6AC3C2770}.AppStore|iPhoneSimulator.Build.0 = Release|Any CPU
		{254841A1-4695-4F75-81D3-BCF6AC3C2770}.AppStore|x64.ActiveCfg = Release|Any CPU
		{254841A1-4695-4F75-81D3-BCF6AC3C2770}.AppStore|x64.Build.0 = Release|Any CPU
		{254841A1-4695-4F75-81D3-BCF6AC3C2770}.AppStore|x86.ActiveCfg = Release|Any CPU
		{254841A1-4695-4F75-81D3-BCF6AC3C2770}.AppStore|x86.Build.0 = Release|Any CPU
		{254841A1-4695-4F75-81D3-BCF6AC3C2770}.Debug|Any CPU.ActiveCfg = Debug|Any CPU
		{254841A1-4695-4F75-81D3-BCF6AC3C2770}.Debug|Any CPU.Build.0 = Debug|Any CPU
		{254841A1-4695-4F75-81D3-BCF6AC3C2770}.Debug|ARM.ActiveCfg = Debug|Any CPU
		{254841A1-4695-4F75-81D3-BCF6AC3C2770}.Debug|ARM.Build.0 = Debug|Any CPU
		{254841A1-4695-4F75-81D3-BCF6AC3C2770}.Debug|iPhone.ActiveCfg = Debug|Any CPU
		{254841A1-4695-4F75-81D3-BCF6AC3C2770}.Debug|iPhone.Build.0 = Debug|Any CPU
		{254841A1-4695-4F75-81D3-BCF6AC3C2770}.Debug|iPhoneSimulator.ActiveCfg = Debug|Any CPU
		{254841A1-4695-4F75-81D3-BCF6AC3C2770}.Debug|iPhoneSimulator.Build.0 = Debug|Any CPU
		{254841A1-4695-4F75-81D3-BCF6AC3C2770}.Debug|x64.ActiveCfg = Debug|Any CPU
		{254841A1-4695-4F75-81D3-BCF6AC3C2770}.Debug|x64.Build.0 = Debug|Any CPU
		{254841A1-4695-4F75-81D3-BCF6AC3C2770}.Debug|x86.ActiveCfg = Debug|Any CPU
		{254841A1-4695-4F75-81D3-BCF6AC3C2770}.Debug|x86.Build.0 = Debug|Any CPU
		{254841A1-4695-4F75-81D3-BCF6AC3C2770}.Release|Any CPU.ActiveCfg = Release|Any CPU
		{254841A1-4695-4F75-81D3-BCF6AC3C2770}.Release|Any CPU.Build.0 = Release|Any CPU
		{254841A1-4695-4F75-81D3-BCF6AC3C2770}.Release|ARM.ActiveCfg = Release|Any CPU
		{254841A1-4695-4F75-81D3-BCF6AC3C2770}.Release|ARM.Build.0 = Release|Any CPU
		{254841A1-4695-4F75-81D3-BCF6AC3C2770}.Release|iPhone.ActiveCfg = Release|Any CPU
		{254841A1-4695-4F75-81D3-BCF6AC3C2770}.Release|iPhone.Build.0 = Release|Any CPU
		{254841A1-4695-4F75-81D3-BCF6AC3C2770}.Release|iPhoneSimulator.ActiveCfg = Release|Any CPU
		{254841A1-4695-4F75-81D3-BCF6AC3C2770}.Release|iPhoneSimulator.Build.0 = Release|Any CPU
		{254841A1-4695-4F75-81D3-BCF6AC3C2770}.Release|x64.ActiveCfg = Release|Any CPU
		{254841A1-4695-4F75-81D3-BCF6AC3C2770}.Release|x64.Build.0 = Release|Any CPU
		{254841A1-4695-4F75-81D3-BCF6AC3C2770}.Release|x86.ActiveCfg = Release|Any CPU
		{254841A1-4695-4F75-81D3-BCF6AC3C2770}.Release|x86.Build.0 = Release|Any CPU
	EndGlobalSection
	GlobalSection(SolutionProperties) = preSolution
		HideSolutionNode = FALSE
	EndGlobalSection
EndGlobal
